Microsoft Visual Studio Solution File, Format Version 11.00
# Visual Studio 2008

Project("{46F8E2E6-BD7C-9C8B-6B80-6CFA3057FFAE}") = "Memoria", "Assembly-CSharp.csproj", "{44A4EBAE-A4D2-4248-F229-9F58E0CC78A4}"
EndProject
Global
	GlobalSection(SolutionConfigurationPlatforms) = preSolution
		Debug|Any CPU = Debug|Any CPU
		Release|Any CPU = Release|Any CPU
	EndGlobalSection
	GlobalSection(ProjectConfigurationPlatforms) = postSolution
		{44A4EBAE-A4D2-4248-F229-9F58E0CC78A4}.Debug|Any CPU.ActiveCfg = Debug|Any CPU
		{44A4EBAE-A4D2-4248-F229-9F58E0CC78A4}.Debug|Any CPU.Build.0 = Debug|Any CPU
		{44A4EBAE-A4D2-4248-F229-9F58E0CC78A4}.Release|Any CPU.ActiveCfg = Release|Any CPU
		{44A4EBAE-A4D2-4248-F229-9F58E0CC78A4}.Release|Any CPU.Build.0 = Release|Any CPU
	EndGlobalSection
	GlobalSection(SolutionProperties) = preSolution
		HideSolutionNode = FALSE
	EndGlobalSection
	GlobalSection(MonoDevelopProperties) = preSolution
		StartupItem = Assembly-CSharp.csproj
	EndGlobalSection
EndGlobal
